{
    "version": 3,
    "terraform_version": "0.11.9",
    "serial": 27,
    "lineage": "da5b4a0d-7105-ce69-b91e-b3fc41af4e20",
    "modules": [
        {
            "path": [
                "root"
            ],
            "outputs": {},
            "resources": {},
            "depends_on": []
        },
        {
            "path": [
                "root",
                "KnownConfigurations"
            ],
            "outputs": {},
            "resources": {},
            "depends_on": []
        },
        {
            "path": [
                "root",
                "appgatewayPipRandomnName"
            ],
            "outputs": {},
            "resources": {},
            "depends_on": []
        },
        {
            "path": [
                "root",
                "appgatewayRandomnName"
            ],
            "outputs": {},
            "resources": {},
            "depends_on": []
        },
        {
            "path": [
                "root",
                "azurerm_application_gateway"
            ],
            "outputs": {},
            "resources": {},
            "depends_on": []
        },
        {
            "path": [
                "root",
                "azurerm_container_registry"
            ],
            "outputs": {},
            "resources": {},
            "depends_on": []
        },
        {
            "path": [
                "root",
                "azurerm_kubernetes_cluster"
            ],
            "outputs": {
                "aks_clusterID": {
                    "sensitive": false,
                    "type": "string",
                    "value": "/subscriptions/2a037a4a-5098-4d7b-989d-a0d8991dd035/resourcegroups/M1047730RG/providers/Microsoft.ContainerService/managedClusters/devazakscluster41"
                },
                "aks_clustername": {
                    "sensitive": false,
                    "type": "string",
                    "value": "devazakscluster41"
                },
                "dns_service_ip": {
                    "sensitive": false,
                    "type": "string",
                    "value": "10.0.0.10"
                },
                "docker_bridge_cidr": {
                    "sensitive": false,
                    "type": "string",
                    "value": "172.17.0.1/16"
                },
                "network_plugin": {
                    "sensitive": false,
                    "type": "string",
                    "value": "azure"
                },
                "pod_cidr": {
                    "sensitive": false,
                    "type": "string",
                    "value": ""
                },
                "service_cidr": {
                    "sensitive": false,
                    "type": "string",
                    "value": "10.0.0.0/16"
                },
                "subnet_id": {
                    "sensitive": false,
                    "type": "string",
                    "value": "/subscriptions/2a037a4a-5098-4d7b-989d-a0d8991dd035/resourceGroups/M1047730RG/providers/Microsoft.Network/virtualNetworks/devazparentvnet85/subnets/parentsubnet1"
                }
            },
            "resources": {},
            "depends_on": []
        },
        {
            "path": [
                "root",
                "azurerm_postgresql_server"
            ],
            "outputs": {},
            "resources": {},
            "depends_on": []
        },
        {
            "path": [
                "root",
                "azurerm_vnet_iam_role_assign"
            ],
            "outputs": {},
            "resources": {},
            "depends_on": []
        },
        {
            "path": [
                "root",
                "clusterRandomnName"
            ],
            "outputs": {
                "result": {
                    "sensitive": false,
                    "type": "string",
                    "value": "devazakscluster41"
                },
                "suffix": {
                    "sensitive": false,
                    "type": "list",
                    "value": [
                        "devazakscluster41"
                    ]
                }
            },
            "resources": {},
            "depends_on": []
        },
        {
            "path": [
                "root",
                "postgreServerRandomnName"
            ],
            "outputs": {},
            "resources": {},
            "depends_on": []
        },
        {
            "path": [
                "root",
                "vnet"
            ],
            "outputs": {
                "vnet_address_space": {
                    "sensitive": false,
                    "type": "list",
                    "value": [
                        "10.1.0.0/16"
                    ]
                },
                "vnet_id": {
                    "sensitive": false,
                    "type": "string",
                    "value": "/subscriptions/2a037a4a-5098-4d7b-989d-a0d8991dd035/resourceGroups/M1047730RG/providers/Microsoft.Network/virtualNetworks/devazparentvnet85"
                },
                "vnet_location": {
                    "sensitive": false,
                    "type": "string",
                    "value": "eastus"
                },
                "vnet_name": {
                    "sensitive": false,
                    "type": "string",
                    "value": "devazparentvnet85"
                },
                "vnet_subnets": {
                    "sensitive": false,
                    "type": "list",
                    "value": [
                        "/subscriptions/2a037a4a-5098-4d7b-989d-a0d8991dd035/resourceGroups/M1047730RG/providers/Microsoft.Network/virtualNetworks/devazparentvnet85/subnets/parentsubnet1",
                        "/subscriptions/2a037a4a-5098-4d7b-989d-a0d8991dd035/resourceGroups/M1047730RG/providers/Microsoft.Network/virtualNetworks/devazparentvnet85/subnets/parentsubnet2"
                    ]
                },
                "vnet_subnets_name": {
                    "sensitive": false,
                    "type": "list",
                    "value": [
                        "parentsubnet1",
                        "parentsubnet2"
                    ]
                }
            },
            "resources": {},
            "depends_on": []
        },
        {
            "path": [
                "root",
                "vnetRandomnName"
            ],
            "outputs": {
                "result": {
                    "sensitive": false,
                    "type": "string",
                    "value": "devazparentvnet85"
                },
                "suffix": {
                    "sensitive": false,
                    "type": "list",
                    "value": [
                        "devazPARENTvnet85"
                    ]
                }
            },
            "resources": {},
            "depends_on": []
        },
        {
            "path": [
                "root",
                "vnet",
                "Pnetwork-security-group"
            ],
            "outputs": {
                "network_security_group_id": {
                    "sensitive": false,
                    "type": "string",
                    "value": "/subscriptions/2a037a4a-5098-4d7b-989d-a0d8991dd035/resourceGroups/M1047730RG/providers/Microsoft.Network/networkSecurityGroups/pravitensg1"
                },
                "network_security_group_name": {
                    "sensitive": false,
                    "type": "string",
                    "value": "pravitensg1"
                }
            },
            "resources": {
                "azurerm_network_security_group.nsg": {
                    "type": "azurerm_network_security_group",
                    "depends_on": [],
                    "primary": {
                        "id": "/subscriptions/2a037a4a-5098-4d7b-989d-a0d8991dd035/resourceGroups/M1047730RG/providers/Microsoft.Network/networkSecurityGroups/pravitensg1",
                        "attributes": {
                            "id": "/subscriptions/2a037a4a-5098-4d7b-989d-a0d8991dd035/resourceGroups/M1047730RG/providers/Microsoft.Network/networkSecurityGroups/pravitensg1",
                            "location": "eastus",
                            "name": "pravitensg1",
                            "resource_group_name": "M1047730RG",
                            "security_rule.#": "1",
                            "security_rule.79664802.access": "Deny",
                            "security_rule.79664802.description": "description-myhttp",
                            "security_rule.79664802.destination_address_prefix": "Internet",
                            "security_rule.79664802.destination_address_prefixes.#": "0",
                            "security_rule.79664802.destination_application_security_group_ids.#": "0",
                            "security_rule.79664802.destination_port_range": "",
                            "security_rule.79664802.destination_port_ranges.#": "1",
                            "security_rule.79664802.destination_port_ranges.32925333": "8080",
                            "security_rule.79664802.direction": "Outbound",
                            "security_rule.79664802.name": "myhttp",
                            "security_rule.79664802.priority": "100",
                            "security_rule.79664802.protocol": "*",
                            "security_rule.79664802.source_address_prefix": "*",
                            "security_rule.79664802.source_address_prefixes.#": "0",
                            "security_rule.79664802.source_application_security_group_ids.#": "0",
                            "security_rule.79664802.source_port_range": "",
                            "security_rule.79664802.source_port_ranges.#": "1",
                            "security_rule.79664802.source_port_ranges.405688551": "0-65535",
                            "tags.%": "0"
                        },
                        "meta": {},
                        "tainted": false
                    },
                    "deposed": [],
                    "provider": "provider.azurerm"
                }
            },
            "depends_on": []
        },
        {
            "path": [
                "root",
                "vnet",
                "network-security-group"
            ],
            "outputs": {
                "network_security_group_id": {
                    "sensitive": false,
                    "type": "string",
                    "value": "/subscriptions/2a037a4a-5098-4d7b-989d-a0d8991dd035/resourceGroups/M1047730RG/providers/Microsoft.Network/networkSecurityGroups/pravitensg0"
                },
                "network_security_group_name": {
                    "sensitive": false,
                    "type": "string",
                    "value": "pravitensg0"
                }
            },
            "resources": {
                "azurerm_network_security_group.nsg": {
                    "type": "azurerm_network_security_group",
                    "depends_on": [],
                    "primary": {
                        "id": "/subscriptions/2a037a4a-5098-4d7b-989d-a0d8991dd035/resourceGroups/M1047730RG/providers/Microsoft.Network/networkSecurityGroups/pravitensg0",
                        "attributes": {
                            "id": "/subscriptions/2a037a4a-5098-4d7b-989d-a0d8991dd035/resourceGroups/M1047730RG/providers/Microsoft.Network/networkSecurityGroups/pravitensg0",
                            "location": "eastus",
                            "name": "pravitensg0",
                            "resource_group_name": "M1047730RG",
                            "security_rule.#": "2",
                            "security_rule.620783491.access": "Allow",
                            "security_rule.620783491.description": "LDAP",
                            "security_rule.620783491.destination_address_prefix": "*",
                            "security_rule.620783491.destination_address_prefixes.#": "0",
                            "security_rule.620783491.destination_application_security_group_ids.#": "0",
                            "security_rule.620783491.destination_port_range": "389",
                            "security_rule.620783491.destination_port_ranges.#": "0",
                            "security_rule.620783491.direction": "Inbound",
                            "security_rule.620783491.name": "LDAP",
                            "security_rule.620783491.priority": "4095",
                            "security_rule.620783491.protocol": "TCP",
                            "security_rule.620783491.source_address_prefix": "*",
                            "security_rule.620783491.source_address_prefixes.#": "0",
                            "security_rule.620783491.source_application_security_group_ids.#": "0",
                            "security_rule.620783491.source_port_range": "",
                            "security_rule.620783491.source_port_ranges.#": "1",
                            "security_rule.620783491.source_port_ranges.1912720757": "1024-1026",
                            "security_rule.776983346.access": "Allow",
                            "security_rule.776983346.description": "SSH",
                            "security_rule.776983346.destination_address_prefix": "*",
                            "security_rule.776983346.destination_address_prefixes.#": "0",
                            "security_rule.776983346.destination_application_security_group_ids.#": "0",
                            "security_rule.776983346.destination_port_range": "22",
                            "security_rule.776983346.destination_port_ranges.#": "0",
                            "security_rule.776983346.direction": "Inbound",
                            "security_rule.776983346.name": "SSH",
                            "security_rule.776983346.priority": "500",
                            "security_rule.776983346.protocol": "TCP",
                            "security_rule.776983346.source_address_prefix": "*",
                            "security_rule.776983346.source_address_prefixes.#": "0",
                            "security_rule.776983346.source_application_security_group_ids.#": "0",
                            "security_rule.776983346.source_port_range": "",
                            "security_rule.776983346.source_port_ranges.#": "1",
                            "security_rule.776983346.source_port_ranges.405688551": "0-65535",
                            "tags.%": "0"
                        },
                        "meta": {},
                        "tainted": false
                    },
                    "deposed": [],
                    "provider": "provider.azurerm"
                }
            },
            "depends_on": []
        }
    ]
}
